lockfileVersion: '9.0'

settings:
  autoInstallPeers: true
  excludeLinksFromLockfile: false

importers:

  .:
    dependencies:
      '@xata.io/client':
        specifier: ^0.29.0
        version: 0.29.5(typescript@5.9.3)

packages:

  '@xata.io/client@0.29.5':
    resolution: {integrity: sha512-b55dmPVNVFOE5nj2F2G6t9l/d5yYBhIu5X5w3rznhhsriGHkrzn93tqJexIZPS77E7f/yDXcFz06KbvR3bHK5w==}
    peerDependencies:
      typescript: '>=4.5'

  typescript@5.9.3:
    resolution: {integrity: sha512-jl1vZzPDinLr9eUt3J/t7V6FgNEw9QjvBPdysz9KfQDD41fQrC2Y4vKQdiaUpFT4bXlb1RHhLpp8wtm6M5TgSw==}
    engines: {node: '>=14.17'}
    hasBin: true

snapshots:

  '@xata.io/client@0.29.5(typescript@5.9.3)':
    dependencies:
      typescript: 5.9.3

  typescript@5.9.3: {}
